
Microsoft Visual Studio Solution File, Format Version 12.00
# Visual Studio Version 17
VisualStudioVersion = 17.1.32210.238
MinimumVisualStudioVersion = 10.0.40219.1
Project("{FAE04EC0-301F-11D3-BF4B-00C04F79EFBC}") = "Server.BasicBank", "Server.BasicBank\Server.BasicBank.csproj", "{01DC3A99-75F2-4823-80A0-C1BA04823431}"
EndProject
Global
	GlobalSection(SolutionConfigurationPlatforms) = preSolution
		Debug|Any CPU = Debug|Any CPU
		Release|Any CPU = Release|Any CPU
	EndGlobalSection
	GlobalSection(ProjectConfigurationPlatforms) = postSolution
		{01DC3A99-75F2-4823-80A0-C1BA04823431}.Debug|Any CPU.ActiveCfg = Debug|Any CPU
		{01DC3A99-75F2-4823-80A0-C1BA04823431}.Debug|Any CPU.Build.0 = Debug|Any CPU
		{01DC3A99-75F2-4823-80A0-C1BA04823431}.Release|Any CPU.ActiveCfg = Release|Any CPU
		{01DC3A99-75F2-4823-80A0-C1BA04823431}.Release|Any CPU.Build.0 = Release|Any CPU
	EndGlobalSection
	GlobalSection(SolutionProperties) = preSolution
		HideSolutionNode = FALSE
	EndGlobalSection
	GlobalSection(ExtensibilityGlobals) = postSolution
		SolutionGuid = {C78A99F1-D84E-43D9-B8F4-710BDE93D803}
	EndGlobalSection
EndGlobal
